
Microsoft Visual Studio Solution File, Format Version 12.00
# Visual Studio Version 16
VisualStudioVersion = 16.0.30225.117
MinimumVisualStudioVersion = 10.0.40219.1
Project("{FAE04EC0-301F-11D3-BF4B-00C04F79EFBC}") = "JogodaVelha", "JogodaVelha.csproj", "{80D3D024-87F0-4980-B504-121B48932457}"
EndProject
Global
	GlobalSection(SolutionConfigurationPlatforms) = preSolution
		Debug|Any CPU = Debug|Any CPU
		Release|Any CPU = Release|Any CPU
	EndGlobalSection
	GlobalSection(ProjectConfigurationPlatforms) = postSolution
		{80D3D024-87F0-4980-B504-121B48932457}.Debug|Any CPU.ActiveCfg = Debug|Any CPU
		{80D3D024-87F0-4980-B504-121B48932457}.Debug|Any CPU.Build.0 = Debug|Any CPU
		{80D3D024-87F0-4980-B504-121B48932457}.Release|Any CPU.ActiveCfg = Release|Any CPU
		{80D3D024-87F0-4980-B504-121B48932457}.Release|Any CPU.Build.0 = Release|Any CPU
	EndGlobalSection
	GlobalSection(SolutionProperties) = preSolution
		HideSolutionNode = FALSE
	EndGlobalSection
	GlobalSection(ExtensibilityGlobals) = postSolution
		SolutionGuid = {BD03ED38-4813-45AD-AF7F-36BB08900E7B}
	EndGlobalSection
EndGlobal
